// !$*UTF8*$!
{
	archiveVersion = 1;
	classes = {
	};
	objectVersion = 55;
	objects = {

/* Begin PBXBuildFile section */
		494035BC27E1F79B003AEDCB /* AppDelegate.swift in Sources */ = {isa = PBXBuildFile; fileRef = 494035BB27E1F79B003AEDCB /* AppDelegate.swift */; };
		494035BE27E1F79B003AEDCB /* SceneDelegate.swift in Sources */ = {isa = PBXBuildFile; fileRef = 494035BD27E1F79B003AEDCB /* SceneDelegate.swift */; };
		494035C527E1F79E003AEDCB /* Assets.xcassets in Resources */ = {isa = PBXBuildFile; fileRef = 494035C427E1F79E003AEDCB /* Assets.xcassets */; };
		494035D527E1F845003AEDCB /* Post.swift in Sources */ = {isa = PBXBuildFile; fileRef = 494035D427E1F845003AEDCB /* Post.swift */; };
		494035D927E1FB23003AEDCB /* ProfileHeaderView.swift in Sources */ = {isa = PBXBuildFile; fileRef = 494035D727E1FB23003AEDCB /* ProfileHeaderView.swift */; };
		494035DA27E1FB23003AEDCB /* ProfileViewController.swift in Sources */ = {isa = PBXBuildFile; fileRef = 494035D827E1FB23003AEDCB /* ProfileViewController.swift */; };
		494035E027E1FB37003AEDCB /* MyTabBarController.swift in Sources */ = {isa = PBXBuildFile; fileRef = 494035DC27E1FB37003AEDCB /* MyTabBarController.swift */; };
		494035E127E1FB37003AEDCB /* FeedViewController.swift in Sources */ = {isa = PBXBuildFile; fileRef = 494035DD27E1FB37003AEDCB /* FeedViewController.swift */; };
		494035E227E1FB37003AEDCB /* PostViewController.swift in Sources */ = {isa = PBXBuildFile; fileRef = 494035DE27E1FB37003AEDCB /* PostViewController.swift */; };
		494035E327E1FB37003AEDCB /* InfoViewController.swift in Sources */ = {isa = PBXBuildFile; fileRef = 494035DF27E1FB37003AEDCB /* InfoViewController.swift */; };
		494035E527E42798003AEDCB /* gdun.png in Resources */ = {isa = PBXBuildFile; fileRef = 494035E427E42798003AEDCB /* gdun.png */; };
/* End PBXBuildFile section */

/* Begin PBXFileReference section */
		494035B827E1F79B003AEDCB /* UIBaseComp.app */ = {isa = PBXFileReference; explicitFileType = wrapper.application; includeInIndex = 0; path = UIBaseComp.app; sourceTree = BUILT_PRODUCTS_DIR; };
		494035BB27E1F79B003AEDCB /* AppDelegate.swift */ = {isa = PBXFileReference; lastKnownFileType = sourcecode.swift; path = AppDelegate.swift; sourceTree = "<group>"; };
		494035BD27E1F79B003AEDCB /* SceneDelegate.swift */ = {isa = PBXFileReference; lastKnownFileType = sourcecode.swift; path = SceneDelegate.swift; sourceTree = "<group>"; };
		494035C427E1F79E003AEDCB /* Assets.xcassets */ = {isa = PBXFileReference; lastKnownFileType = folder.assetcatalog; path = Assets.xcassets; sourceTree = "<group>"; };
		494035C927E1F79E003AEDCB /* Info.plist */ = {isa = PBXFileReference; lastKnownFileType = text.plist.xml; path = Info.plist; sourceTree = "<group>"; };
		494035D427E1F845003AEDCB /* Post.swift */ = {isa = PBXFileReference; fileEncoding = 4; lastKnownFileType = sourcecode.swift; path = Post.swift; sourceTree = "<group>"; };
		494035D727E1FB23003AEDCB /* ProfileHeaderView.swift */ = {isa = PBXFileReference; fileEncoding = 4; lastKnownFileType = sourcecode.swift; path = ProfileHeaderView.swift; sourceTree = "<group>"; };
		494035D827E1FB23003AEDCB /* ProfileViewController.swift */ = {isa = PBXFileReference; fileEncoding = 4; lastKnownFileType = sourcecode.swift; path = ProfileViewController.swift; sourceTree = "<group>"; };
		494035DC27E1FB37003AEDCB /* MyTabBarController.swift */ = {isa = PBXFileReference; fileEncoding = 4; lastKnownFileType = sourcecode.swift; path = MyTabBarController.swift; sourceTree = "<group>"; };
		494035DD27E1FB37003AEDCB /* FeedViewController.swift */ = {isa = PBXFileReference; fileEncoding = 4; lastKnownFileType = sourcecode.swift; path = FeedViewController.swift; sourceTree = "<group>"; };
		494035DE27E1FB37003AEDCB /* PostViewController.swift */ = {isa = PBXFileReference; fileEncoding = 4; lastKnownFileType = sourcecode.swift; path = PostViewController.swift; sourceTree = "<group>"; };
		494035DF27E1FB37003AEDCB /* InfoViewController.swift */ = {isa = PBXFileReference; fileEncoding = 4; lastKnownFileType = sourcecode.swift; path = InfoViewController.swift; sourceTree = "<group>"; };
		494035E427E42798003AEDCB /* gdun.png */ = {isa = PBXFileReference; lastKnownFileType = image.png; path = gdun.png; sourceTree = "<group>"; };
/* End PBXFileReference section */

/* Begin PBXFrameworksBuildPhase section */
		494035B527E1F79B003AEDCB /* Frameworks */ = {
			isa = PBXFrameworksBuildPhase;
			buildActionMask = 2147483647;
			files = (
			);
			runOnlyForDeploymentPostprocessing = 0;
		};
/* End PBXFrameworksBuildPhase section */

/* Begin PBXGroup section */
		494035AF27E1F79B003AEDCB = {
			isa = PBXGroup;
			children = (
				494035BA27E1F79B003AEDCB /* UIBaseComp */,
				494035B927E1F79B003AEDCB /* Products */,
			);
			sourceTree = "<group>";
		};
		494035B927E1F79B003AEDCB /* Products */ = {
			isa = PBXGroup;
			children = (
				494035B827E1F79B003AEDCB /* UIBaseComp.app */,
			);
			name = Products;
			sourceTree = "<group>";
		};
		494035BA27E1F79B003AEDCB /* UIBaseComp */ = {
			isa = PBXGroup;
			children = (
				494035BB27E1F79B003AEDCB /* AppDelegate.swift */,
				494035BD27E1F79B003AEDCB /* SceneDelegate.swift */,
				494035D427E1F845003AEDCB /* Post.swift */,
				494035DB27E1FB30003AEDCB /* Controllers */,
				494035D627E1FB07003AEDCB /* Profile */,
				494035CF27E1F7FC003AEDCB /* Resources */,
			);
			path = UIBaseComp;
			sourceTree = "<group>";
		};
		494035CF27E1F7FC003AEDCB /* Resources */ = {
			isa = PBXGroup;
			children = (
				494035E427E42798003AEDCB /* gdun.png */,
				494035C927E1F79E003AEDCB /* Info.plist */,
				494035C427E1F79E003AEDCB /* Assets.xcassets */,
			);
			path = Resources;
			sourceTree = "<group>";
		};
		494035D627E1FB07003AEDCB /* Profile */ = {
			isa = PBXGroup;
			children = (
				494035D727E1FB23003AEDCB /* ProfileHeaderView.swift */,
				494035D827E1FB23003AEDCB /* ProfileViewController.swift */,
			);
			path = Profile;
			sourceTree = "<group>";
		};
		494035DB27E1FB30003AEDCB /* Controllers */ = {
			isa = PBXGroup;
			children = (
				494035DC27E1FB37003AEDCB /* MyTabBarController.swift */,
				494035DD27E1FB37003AEDCB /* FeedViewController.swift */,
				494035DF27E1FB37003AEDCB /* InfoViewController.swift */,
				494035DE27E1FB37003AEDCB /* PostViewController.swift */,
			);
			path = Controllers;
			sourceTree = "<group>";
		};
/* End PBXGroup section */

/* Begin PBXNativeTarget section */
		494035B727E1F79B003AEDCB /* UIBaseComp */ = {
			isa = PBXNativeTarget;
			buildConfigurationList = 494035CC27E1F79E003AEDCB /* Build configuration list for PBXNativeTarget "UIBaseComp" */;
			buildPhases = (
				494035B427E1F79B003AEDCB /* Sources */,
				494035B527E1F79B003AEDCB /* Frameworks */,
				494035B627E1F79B003AEDCB /* Resources */,
			);
			buildRules = (
			);
			dependencies = (
			);
			name = UIBaseComp;
			productName = UIBaseComp;
			productReference = 494035B827E1F79B003AEDCB /* UIBaseComp.app */;
			productType = "com.apple.product-type.application";
		};
/* End PBXNativeTarget section */

/* Begin PBXProject section */
		494035B027E1F79B003AEDCB /* Project object */ = {
			isa = PBXProject;
			attributes = {
				BuildIndependentTargetsInParallel = 1;
				LastSwiftUpdateCheck = 1320;
				LastUpgradeCheck = 1320;
				TargetAttributes = {
					494035B727E1F79B003AEDCB = {
						CreatedOnToolsVersion = 13.2.1;
					};
				};
			};
			buildConfigurationList = 494035B327E1F79B003AEDCB /* Build configuration list for PBXProject "UIBaseComp" */;
			compatibilityVersion = "Xcode 13.0";
			developmentRegion = en;
			hasScannedForEncodings = 0;
			knownRegions = (
				en,
				Base,
			);
			mainGroup = 494035AF27E1F79B003AEDCB;
			productRefGroup = 494035B927E1F79B003AEDCB /* Products */;
			projectDirPath = "";
			projectRoot = "";
			targets = (
				494035B727E1F79B003AEDCB /* UIBaseComp */,
			);
		};
/* End PBXProject section */

/* Begin PBXResourcesBuildPhase section */
		494035B627E1F79B003AEDCB /* Resources */ = {
			isa = PBXResourcesBuildPhase;
			buildActionMask = 2147483647;
			files = (
				494035C527E1F79E003AEDCB /* Assets.xcassets in Resources */,
				494035E527E42798003AEDCB /* gdun.png in Resources */,
			);
			runOnlyForDeploymentPostprocessing = 0;
		};
/* End PBXResourcesBuildPhase section */

/* Begin PBXSourcesBuildPhase section */
		494035B427E1F79B003AEDCB /* Sources */ = {
			isa = PBXSourcesBuildPhase;
			buildActionMask = 2147483647;
			files = (
				494035E227E1FB37003AEDCB /* PostViewController.swift in Sources */,
				494035D527E1F845003AEDCB /* Post.swift in Sources */,
				494035BC27E1F79B003AEDCB /* AppDelegate.swift in Sources */,
				494035DA27E1FB23003AEDCB /* ProfileViewController.swift in Sources */,
				494035E327E1FB37003AEDCB /* InfoViewController.swift in Sources */,
				494035BE27E1F79B003AEDCB /* SceneDelegate.swift in Sources */,
				494035D927E1FB23003AEDCB /* ProfileHeaderView.swift in Sources */,
				494035E027E1FB37003AEDCB /* MyTabBarController.swift in Sources */,
				494035E127E1FB37003AEDCB /* FeedViewController.swift in Sources */,
			);
			runOnlyForDeploymentPostprocessing = 0;
		};
/* End PBXSourcesBuildPhase section */

/* Begin XCBuildConfiguration section */
		494035CA27E1F79E003AEDCB /* Debug */ = {
			isa = XCBuildConfiguration;
			buildSettings = {
				ALWAYS_SEARCH_USER_PATHS = NO;
				CLANG_ANALYZER_NONNULL = YES;
				CLANG_ANALYZER_NUMBER_OBJECT_CONVERSION = YES_AGGRESSIVE;
				CLANG_CXX_LANGUAGE_STANDARD = "gnu++17";
				CLANG_CXX_LIBRARY = "libc++";
				CLANG_ENABLE_MODULES = YES;
				CLANG_ENABLE_OBJC_ARC = YES;
				CLANG_ENABLE_OBJC_WEAK = YES;
				CLANG_WARN_BLOCK_CAPTURE_AUTORELEASING = YES;
				CLANG_WARN_BOOL_CONVERSION = YES;
				CLANG_WARN_COMMA = YES;
				CLANG_WARN_CONSTANT_CONVERSION = YES;
				CLANG_WARN_DEPRECATED_OBJC_IMPLEMENTATIONS = YES;
				CLANG_WARN_DIRECT_OBJC_ISA_USAGE = YES_ERROR;
				CLANG_WARN_DOCUMENTATION_COMMENTS = YES;
				CLANG_WARN_EMPTY_BODY = YES;
				CLANG_WARN_ENUM_CONVERSION = YES;
				CLANG_WARN_INFINITE_RECURSION = YES;
				CLANG_WARN_INT_CONVERSION = YES;
				CLANG_WARN_NON_LITERAL_NULL_CONVERSION = YES;
				CLANG_WARN_OBJC_IMPLICIT_RETAIN_SELF = YES;
				CLANG_WARN_OBJC_LITERAL_CONVERSION = YES;
				CLANG_WARN_OBJC_ROOT_CLASS = YES_ERROR;
				CLANG_WARN_QUOTED_INCLUDE_IN_FRAMEWORK_HEADER = YES;
				CLANG_WARN_RANGE_LOOP_ANALYSIS = YES;
				CLANG_WARN_STRICT_PROTOTYPES = YES;
				CLANG_WARN_SUSPICIOUS_MOVE = YES;
				CLANG_WARN_UNGUARDED_AVAILABILITY = YES_AGGRESSIVE;
				CLANG_WARN_UNREACHABLE_CODE = YES;
				CLANG_WARN__DUPLICATE_METHOD_MATCH = YES;
				COPY_PHASE_STRIP = NO;
				DEBUG_INFORMATION_FORMAT = dwarf;
				ENABLE_STRICT_OBJC_MSGSEND = YES;
				ENABLE_TESTABILITY = YES;
				GCC_C_LANGUAGE_STANDARD = gnu11;
				GCC_DYNAMIC_NO_PIC = NO;
				GCC_NO_COMMON_BLOCKS = YES;
				GCC_OPTIMIZATION_LEVEL = 0;
				GCC_PREPROCESSOR_DEFINITIONS = (
					"DEBUG=1",
					"$(inherited)",
				);
				GCC_WARN_64_TO_32_BIT_CONVERSION = YES;
				GCC_WARN_ABOUT_RETURN_TYPE = YES_ERROR;
				GCC_WARN_UNDECLARED_SELECTOR = YES;
				GCC_WARN_UNINITIALIZED_AUTOS = YES_AGGRESSIVE;
				GCC_WARN_UNUSED_FUNCTION = YES;
				GCC_WARN_UNUSED_VARIABLE = YES;
				IPHONEOS_DEPLOYMENT_TARGET = 15.2;
				MTL_ENABLE_DEBUG_INFO = INCLUDE_SOURCE;
				MTL_FAST_MATH = YES;
				ONLY_ACTIVE_ARCH = YES;
				SDKROOT = iphoneos;
				SWIFT_ACTIVE_COMPILATION_CONDITIONS = DEBUG;
				SWIFT_OPTIMIZATION_LEVEL = "-Onone";
			};
			name = Debug;
		};
		494035CB27E1F79E003AEDCB /* Release */ = {
			isa = XCBuildConfiguration;
			buildSettings = {
				ALWAYS_SEARCH_USER_PATHS = NO;
				CLANG_ANALYZER_NONNULL = YES;
				CLANG_ANALYZER_NUMBER_OBJECT_CONVERSION = YES_AGGRESSIVE;
				CLANG_CXX_LANGUAGE_STANDARD = "gnu++17";
				CLANG_CXX_LIBRARY = "libc++";
				CLANG_ENABLE_MODULES = YES;
				CLANG_ENABLE_OBJC_ARC = YES;
				CLANG_ENABLE_OBJC_WEAK = YES;
				CLANG_WARN_BLOCK_CAPTURE_AUTORELEASING = YES;
				CLANG_WARN_BOOL_CONVERSION = YES;
				CLANG_WARN_COMMA = YES;
				CLANG_WARN_CONSTANT_CONVERSION = YES;
				CLANG_WARN_DEPRECATED_OBJC_IMPLEMENTATIONS = YES;
				CLANG_WARN_DIRECT_OBJC_ISA_USAGE = YES_ERROR;
				CLANG_WARN_DOCUMENTATION_COMMENTS = YES;
				CLANG_WARN_EMPTY_BODY = YES;
				CLANG_WARN_ENUM_CONVERSION = YES;
				CLANG_WARN_INFINITE_RECURSION = YES;
				CLANG_WARN_INT_CONVERSION = YES;
				CLANG_WARN_NON_LITERAL_NULL_CONVERSION = YES;
				CLANG_WARN_OBJC_IMPLICIT_RETAIN_SELF = YES;
				CLANG_WARN_OBJC_LITERAL_CONVERSION = YES;
				CLANG_WARN_OBJC_ROOT_CLASS = YES_ERROR;
				CLANG_WARN_QUOTED_INCLUDE_IN_FRAMEWORK_HEADER = YES;
				CLANG_WARN_RANGE_LOOP_ANALYSIS = YES;
				CLANG_WARN_STRICT_PROTOTYPES = YES;
				CLANG_WARN_SUSPICIOUS_MOVE = YES;
				CLANG_WARN_UNGUARDED_AVAILABILITY = YES_AGGRESSIVE;
				CLANG_WARN_UNREACHABLE_CODE = YES;
				CLANG_WARN__DUPLICATE_METHOD_MATCH = YES;
				COPY_PHASE_STRIP = NO;
				DEBUG_INFORMATION_FORMAT = "dwarf-with-dsym";
				ENABLE_NS_ASSERTIONS = NO;
				ENABLE_STRICT_OBJC_MSGSEND = YES;
				GCC_C_LANGUAGE_STANDARD = gnu11;
				GCC_NO_COMMON_BLOCKS = YES;
				GCC_WARN_64_TO_32_BIT_CONVERSION = YES;
				GCC_WARN_ABOUT_RETURN_TYPE = YES_ERROR;
				GCC_WARN_UNDECLARED_SELECTOR = YES;
				GCC_WARN_UNINITIALIZED_AUTOS = YES_AGGRESSIVE;
				GCC_WARN_UNUSED_FUNCTION = YES;
				GCC_WARN_UNUSED_VARIABLE = YES;
				IPHONEOS_DEPLOYMENT_TARGET = 15.2;
				MTL_ENABLE_DEBUG_INFO = NO;
				MTL_FAST_MATH = YES;
				SDKROOT = iphoneos;
				SWIFT_COMPILATION_MODE = wholemodule;
				SWIFT_OPTIMIZATION_LEVEL = "-O";
				VALIDATE_PRODUCT = YES;
			};
			name = Release;
		};
		494035CD27E1F79E003AEDCB /* Debug */ = {
			isa = XCBuildConfiguration;
			buildSettings = {
				ASSETCATALOG_COMPILER_APPICON_NAME = AppIcon;
				ASSETCATALOG_COMPILER_GLOBAL_ACCENT_COLOR_NAME = AccentColor;
				CODE_SIGN_STYLE = Automatic;
				CURRENT_PROJECT_VERSION = 1;
				DEVELOPMENT_TEAM = 95V3F632K2;
				GENERATE_INFOPLIST_FILE = YES;
				INFOPLIST_FILE = UIBaseComp/Resources/Info.plist;
				INFOPLIST_KEY_UIApplicationSupportsIndirectInputEvents = YES;
				INFOPLIST_KEY_UILaunchStoryboardName = LaunchScreen;
				INFOPLIST_KEY_UISupportedInterfaceOrientations_iPad = "UIInterfaceOrientationPortrait UIInterfaceOrientationPortraitUpsideDown UIInterfaceOrientationLandscapeLeft UIInterfaceOrientationLandscapeRight";
				INFOPLIST_KEY_UISupportedInterfaceOrientations_iPhone = "UIInterfaceOrientationPortrait UIInterfaceOrientationLandscapeLeft UIInterfaceOrientationLandscapeRight";
				LD_RUNPATH_SEARCH_PATHS = (
					"$(inherited)",
					"@executable_path/Frameworks",
				);
				MARKETING_VERSION = 1.0;
				PRODUCT_BUNDLE_IDENTIFIER = Smirnov.UIBaseComp;
				PRODUCT_NAME = "$(TARGET_NAME)";
				SWIFT_EMIT_LOC_STRINGS = YES;
				SWIFT_VERSION = 5.0;
				TARGETED_DEVICE_FAMILY = "1,2";
			};
			name = Debug;
		};
		494035CE27E1F79E003AEDCB /* Release */ = {
			isa = XCBuildConfiguration;
			buildSettings = {
				ASSETCATALOG_COMPILER_APPICON_NAME = AppIcon;
				ASSETCATALOG_COMPILER_GLOBAL_ACCENT_COLOR_NAME = AccentColor;
				CODE_SIGN_STYLE = Automatic;
				CURRENT_PROJECT_VERSION = 1;
				DEVELOPMENT_TEAM = 95V3F632K2;
				GENERATE_INFOPLIST_FILE = YES;
				INFOPLIST_FILE = UIBaseComp/Resources/Info.plist;
				INFOPLIST_KEY_UIApplicationSupportsIndirectInputEvents = YES;
				INFOPLIST_KEY_UILaunchStoryboardName = LaunchScreen;
				INFOPLIST_KEY_UISupportedInterfaceOrientations_iPad = "UIInterfaceOrientationPortrait UIInterfaceOrientationPortraitUpsideDown UIInterfaceOrientationLandscapeLeft UIInterfaceOrientationLandscapeRight";
				INFOPLIST_KEY_UISupportedInterfaceOrientations_iPhone = "UIInterfaceOrientationPortrait UIInterfaceOrientationLandscapeLeft UIInterfaceOrientationLandscapeRight";
				LD_RUNPATH_SEARCH_PATHS = (
					"$(inherited)",
					"@executable_path/Frameworks",
				);
				MARKETING_VERSION = 1.0;
				PRODUCT_BUNDLE_IDENTIFIER = Smirnov.UIBaseComp;
				PRODUCT_NAME = "$(TARGET_NAME)";
				SWIFT_EMIT_LOC_STRINGS = YES;
				SWIFT_VERSION = 5.0;
				TARGETED_DEVICE_FAMILY = "1,2";
			};
			name = Release;
		};
/* End XCBuildConfiguration section */

/* Begin XCConfigurationList section */
		494035B327E1F79B003AEDCB /* Build configuration list for PBXProject "UIBaseComp" */ = {
			isa = XCConfigurationList;
			buildConfigurations = (
				494035CA27E1F79E003AEDCB /* Debug */,
				494035CB27E1F79E003AEDCB /* Release */,
			);
			defaultConfigurationIsVisible = 0;
			defaultConfigurationName = Release;
		};
		494035CC27E1F79E003AEDCB /* Build configuration list for PBXNativeTarget "UIBaseComp" */ = {
			isa = XCConfigurationList;
			buildConfigurations = (
				494035CD27E1F79E003AEDCB /* Debug */,
				494035CE27E1F79E003AEDCB /* Release */,
			);
			defaultConfigurationIsVisible = 0;
			defaultConfigurationName = Release;
		};
/* End XCConfigurationList section */
	};
	rootObject = 494035B027E1F79B003AEDCB /* Project object */;
}
